Microsoft Visual Studio Solution File, Format Version 12.00
# Visual Studio Version 17
VisualStudioVersion = 17.5.2.0
MinimumVisualStudioVersion = 10.0.40219.1
Project("{2150E333-8FDC-42A3-9474-1A3956D46DE8}") = "MyRazorApp", "MyRazorApp", "{883B761E-26D2-4B32-DC10-039326FB94DA}"
EndProject
Project("{FAE04EC0-301F-11D3-BF4B-00C04F79EFBC}") = "Library", "MyRazorApp\Library.csproj", "{3BEE89E5-0FEC-9C89-B0B6-10646A45A9F1}"
EndProject
Global
	GlobalSection(SolutionConfigurationPlatforms) = preSolution
		Debug|Any CPU = Debug|Any CPU
		Release|Any CPU = Release|Any CPU
	EndGlobalSection
	GlobalSection(ProjectConfigurationPlatforms) = postSolution
		{3BEE89E5-0FEC-9C89-B0B6-10646A45A9F1}.Debug|Any CPU.ActiveCfg = Debug|Any CPU
		{3BEE89E5-0FEC-9C89-B0B6-10646A45A9F1}.Debug|Any CPU.Build.0 = Debug|Any CPU
		{3BEE89E5-0FEC-9C89-B0B6-10646A45A9F1}.Release|Any CPU.ActiveCfg = Release|Any CPU
		{3BEE89E5-0FEC-9C89-B0B6-10646A45A9F1}.Release|Any CPU.Build.0 = Release|Any CPU
	EndGlobalSection
	GlobalSection(SolutionProperties) = preSolution
		HideSolutionNode = FALSE
	EndGlobalSection
	GlobalSection(NestedProjects) = preSolution
		{3BEE89E5-0FEC-9C89-B0B6-10646A45A9F1} = {883B761E-26D2-4B32-DC10-039326FB94DA}
	EndGlobalSection
	GlobalSection(ExtensibilityGlobals) = postSolution
		SolutionGuid = {CDB228B7-A14E-4D72-9272-3C38373E9252}
	EndGlobalSection
EndGlobal
